# THIS IS AN AUTOGENERATED FILE. DO NOT EDIT THIS FILE DIRECTLY.
# yarn lockfile v1


"@popperjs/core@^2.11.7":
  version "2.11.7"
  resolved "https://registry.yarnpkg.com/@popperjs/core/-/core-2.11.7.tgz#ccab5c8f7dc557a52ca3288c10075c9ccd37fff7"
  integrity sha512-Cr4OjIkipTtcXKjAsm8agyleBuDHvxzeBoa1v543lbv1YaIwQjESsVcmjiWiPEbC1FIeHOG/Op9kdCmAmiS3Kw==

"@rails/activestorage@^7.0.4-3":
  version "7.0.4-3"
  resolved "https://registry.yarnpkg.com/@rails/activestorage/-/activestorage-7.0.4-3.tgz#ffdc5cb3bfef842c80c42db03dc26d862b2e9e08"
  integrity sha512-elTffC5AbJsnz5SV2UFTUBH9+nO1xWRBe+E7A8x+6kAr/3yv6s/yWOUjbxiPPzVPyiihxJXuZ5zpvCdzwBpksA==
  dependencies:
    spark-md5 "^3.0.1"

bootstrap@^5.3.0-alpha3:
  version "5.3.0-alpha3"
  resolved "https://registry.yarnpkg.com/bootstrap/-/bootstrap-5.3.0-alpha3.tgz#ad64d9a663c53ab7aca99c560e0bd16b5e023441"
  integrity sha512-FBhOWMxkCFr74hesJdchLXhqagPTXS+kRNU3gE0FR5Ki/AdPSz32Ik96Z28+yBluCnE/pc9st7l1yPwKgbtfSA==

spark-md5@^3.0.1:
  version "3.0.2"
  resolved "https://registry.yarnpkg.com/spark-md5/-/spark-md5-3.0.2.tgz#7952c4a30784347abcee73268e473b9c0167e3fc"
  integrity sha512-wcFzz9cDfbuqe0FZzfi2or1sgyIrsDwmPwfZC4hiNidPdPINjeUwNfv5kldczoEAcjl9Y1L3SM7Uz2PUEQzxQw==
